// !$*UTF8*$!
{
	archiveVersion = 1;
	classes = {
	};
	objectVersion = 50;
	objects = {

/* Begin PBXBuildFile section */
		4B467BC924B72F0500518423 /* AppDelegate.swift in Sources */ = {isa = PBXBuildFile; fileRef = 4B467BC824B72F0500518423 /* AppDelegate.swift */; };
		4B467BCB24B72F0500518423 /* SceneDelegate.swift in Sources */ = {isa = PBXBuildFile; fileRef = 4B467BCA24B72F0500518423 /* SceneDelegate.swift */; };
		4B467BCD24B72F0500518423 /* RecordSoundViewController.swift in Sources */ = {isa = PBXBuildFile; fileRef = 4B467BCC24B72F0500518423 /* RecordSoundViewController.swift */; };
		4B467BD024B72F0500518423 /* Main.storyboard in Resources */ = {isa = PBXBuildFile; fileRef = 4B467BCE24B72F0500518423 /* Main.storyboard */; };
		4B467BD224B72F0900518423 /* Assets.xcassets in Resources */ = {isa = PBXBuildFile; fileRef = 4B467BD124B72F0900518423 /* Assets.xcassets */; };
		4B467BD524B72F0900518423 /* LaunchScreen.storyboard in Resources */ = {isa = PBXBuildFile; fileRef = 4B467BD324B72F0900518423 /* LaunchScreen.storyboard */; };
		4B467BDD24BB3F5000518423 /* PlaySoundsViewController.swift in Sources */ = {isa = PBXBuildFile; fileRef = 4B467BDC24BB3F5000518423 /* PlaySoundsViewController.swift */; };
		4B467BE124BC85F400518423 /* playsoundsviewcontroller-audio.swift in Sources */ = {isa = PBXBuildFile; fileRef = 4B467BE024BC85F400518423 /* playsoundsviewcontroller-audio.swift */; };
/* End PBXBuildFile section */

/* Begin PBXFileReference section */
		4B467BC524B72F0500518423 /* Pitchperfect.app */ = {isa = PBXFileReference; explicitFileType = wrapper.application; includeInIndex = 0; path = Pitchperfect.app; sourceTree = BUILT_PRODUCTS_DIR; };
		4B467BC824B72F0500518423 /* AppDelegate.swift */ = {isa = PBXFileReference; lastKnownFileType = sourcecode.swift; path = AppDelegate.swift; sourceTree = "<group>"; };
		4B467BCA24B72F0500518423 /* SceneDelegate.swift */ = {isa = PBXFileReference; lastKnownFileType = sourcecode.swift; path = SceneDelegate.swift; sourceTree = "<group>"; };
		4B467BCC24B72F0500518423 /* RecordSoundViewController.swift */ = {isa = PBXFileReference; lastKnownFileType = sourcecode.swift; path = RecordSoundViewController.swift; sourceTree = "<group>"; };
		4B467BCF24B72F0500518423 /* Base */ = {isa = PBXFileReference; lastKnownFileType = file.storyboard; name = Base; path = Base.lproj/Main.storyboard; sourceTree = "<group>"; };
		4B467BD124B72F0900518423 /* Assets.xcassets */ = {isa = PBXFileReference; lastKnownFileType = folder.assetcatalog; path = Assets.xcassets; sourceTree = "<group>"; };
		4B467BD424B72F0900518423 /* Base */ = {isa = PBXFileReference; lastKnownFileType = file.storyboard; name = Base; path = Base.lproj/LaunchScreen.storyboard; sourceTree = "<group>"; };
		4B467BD624B72F0900518423 /* Info.plist */ = {isa = PBXFileReference; lastKnownFileType = text.plist.xml; path = Info.plist; sourceTree = "<group>"; };
		4B467BDC24BB3F5000518423 /* PlaySoundsViewController.swift */ = {isa = PBXFileReference; lastKnownFileType = sourcecode.swift; path = PlaySoundsViewController.swift; sourceTree = "<group>"; };
		4B467BE024BC85F400518423 /* playsoundsviewcontroller-audio.swift */ = {isa = PBXFileReference; fileEncoding = 4; lastKnownFileType = sourcecode.swift; path = "playsoundsviewcontroller-audio.swift"; sourceTree = "<group>"; };
/* End PBXFileReference section */

/* Begin PBXFrameworksBuildPhase section */
		4B467BC224B72F0500518423 /* Frameworks */ = {
			isa = PBXFrameworksBuildPhase;
			buildActionMask = 2147483647;
			files = (
			);
			runOnlyForDeploymentPostprocessing = 0;
		};
/* End PBXFrameworksBuildPhase section */

/* Begin PBXGroup section */
		4B467BBC24B72F0500518423 = {
			isa = PBXGroup;
			children = (
				4B467BC724B72F0500518423 /* Pitchperfect */,
				4B467BC624B72F0500518423 /* Products */,
			);
			sourceTree = "<group>";
		};
		4B467BC624B72F0500518423 /* Products */ = {
			isa = PBXGroup;
			children = (
				4B467BC524B72F0500518423 /* Pitchperfect.app */,
			);
			name = Products;
			sourceTree = "<group>";
		};
		4B467BC724B72F0500518423 /* Pitchperfect */ = {
			isa = PBXGroup;
			children = (
				4B467BC824B72F0500518423 /* AppDelegate.swift */,
				4B467BCA24B72F0500518423 /* SceneDelegate.swift */,
				4B467BCC24B72F0500518423 /* RecordSoundViewController.swift */,
				4B467BCE24B72F0500518423 /* Main.storyboard */,
				4B467BD124B72F0900518423 /* Assets.xcassets */,
				4B467BD324B72F0900518423 /* LaunchScreen.storyboard */,
				4B467BD624B72F0900518423 /* Info.plist */,
				4B467BDC24BB3F5000518423 /* PlaySoundsViewController.swift */,
				4B467BE024BC85F400518423 /* playsoundsviewcontroller-audio.swift */,
			);
			path = Pitchperfect;
			sourceTree = "<group>";
		};
/* End PBXGroup section */

/* Begin PBXNativeTarget section */
		4B467BC424B72F0500518423 /* Pitchperfect */ = {
			isa = PBXNativeTarget;
			buildConfigurationList = 4B467BD924B72F0900518423 /* Build configuration list for PBXNativeTarget "Pitchperfect" */;
			buildPhases = (
				4B467BC124B72F0500518423 /* Sources */,
				4B467BC224B72F0500518423 /* Frameworks */,
				4B467BC324B72F0500518423 /* Resources */,
			);
			buildRules = (
			);
			dependencies = (
			);
			name = Pitchperfect;
			productName = Pitchmeperfect;
			productReference = 4B467BC524B72F0500518423 /* Pitchperfect.app */;
			productType = "com.apple.product-type.application";
		};
/* End PBXNativeTarget section */

/* Begin PBXProject section */
		4B467BBD24B72F0500518423 /* Project object */ = {
			isa = PBXProject;
			attributes = {
				LastSwiftUpdateCheck = 1150;
				LastUpgradeCheck = 1150;
				ORGANIZATIONNAME = Levit8;
				TargetAttributes = {
					4B467BC424B72F0500518423 = {
						CreatedOnToolsVersion = 11.5;
					};
				};
			};
			buildConfigurationList = 4B467BC024B72F0500518423 /* Build configuration list for PBXProject "Pitchperfect" */;
			compatibilityVersion = "Xcode 9.3";
			developmentRegion = en;
			hasScannedForEncodings = 0;
			knownRegions = (
				en,
				Base,
			);
			mainGroup = 4B467BBC24B72F0500518423;
			productRefGroup = 4B467BC624B72F0500518423 /* Products */;
			projectDirPath = "";
			projectRoot = "";
			targets = (
				4B467BC424B72F0500518423 /* Pitchperfect */,
			);
		};
/* End PBXProject section */

/* Begin PBXResourcesBuildPhase section */
		4B467BC324B72F0500518423 /* Resources */ = {
			isa = PBXResourcesBuildPhase;
			buildActionMask = 2147483647;
			files = (
				4B467BD524B72F0900518423 /* LaunchScreen.storyboard in Resources */,
				4B467BD224B72F0900518423 /* Assets.xcassets in Resources */,
				4B467BD024B72F0500518423 /* Main.storyboard in Resources */,
			);
			runOnlyForDeploymentPostprocessing = 0;
		};
/* End PBXResourcesBuildPhase section */

/* Begin PBXSourcesBuildPhase section */
		4B467BC124B72F0500518423 /* Sources */ = {
			isa = PBXSourcesBuildPhase;
			buildActionMask = 2147483647;
			files = (
				4B467BCD24B72F0500518423 /* RecordSoundViewController.swift in Sources */,
				4B467BE124BC85F400518423 /* playsoundsviewcontroller-audio.swift in Sources */,
				4B467BC924B72F0500518423 /* AppDelegate.swift in Sources */,
				4B467BDD24BB3F5000518423 /* PlaySoundsViewController.swift in Sources */,
				4B467BCB24B72F0500518423 /* SceneDelegate.swift in Sources */,
			);
			runOnlyForDeploymentPostprocessing = 0;
		};
/* End PBXSourcesBuildPhase section */

/* Begin PBXVariantGroup section */
		4B467BCE24B72F0500518423 /* Main.storyboard */ = {
			isa = PBXVariantGroup;
			children = (
				4B467BCF24B72F0500518423 /* Base */,
			);
			name = Main.storyboard;
			sourceTree = "<group>";
		};
		4B467BD324B72F0900518423 /* LaunchScreen.storyboard */ = {
			isa = PBXVariantGroup;
			children = (
				4B467BD424B72F0900518423 /* Base */,
			);
			name = LaunchScreen.storyboard;
			sourceTree = "<group>";
		};
/* End PBXVariantGroup section */

/* Begin XCBuildConfiguration section */
		4B467BD724B72F0900518423 /* Debug */ = {
			isa = XCBuildConfiguration;
			buildSettings = {
				ALWAYS_SEARCH_USER_PATHS = NO;
				CLANG_ANALYZER_NONNULL = YES;
				CLANG_ANALYZER_NUMBER_OBJECT_CONVERSION = YES_AGGRESSIVE;
				CLANG_CXX_LANGUAGE_STANDARD = "gnu++14";
				CLANG_CXX_LIBRARY = "libc++";
				CLANG_ENABLE_MODULES = YES;
				CLANG_ENABLE_OBJC_ARC = YES;
				CLANG_ENABLE_OBJC_WEAK = YES;
				CLANG_WARN_BLOCK_CAPTURE_AUTORELEASING = YES;
				CLANG_WARN_BOOL_CONVERSION = YES;
				CLANG_WARN_COMMA = YES;
				CLANG_WARN_CONSTANT_CONVERSION = YES;
				CLANG_WARN_DEPRECATED_OBJC_IMPLEMENTATIONS = YES;
				CLANG_WARN_DIRECT_OBJC_ISA_USAGE = YES_ERROR;
				CLANG_WARN_DOCUMENTATION_COMMENTS = YES;
				CLANG_WARN_EMPTY_BODY = YES;
				CLANG_WARN_ENUM_CONVERSION = YES;
				CLANG_WARN_INFINITE_RECURSION = YES;
				CLANG_WARN_INT_CONVERSION = YES;
				CLANG_WARN_NON_LITERAL_NULL_CONVERSION = YES;
				CLANG_WARN_OBJC_IMPLICIT_RETAIN_SELF = YES;
				CLANG_WARN_OBJC_LITERAL_CONVERSION = YES;
				CLANG_WARN_OBJC_ROOT_CLASS = YES_ERROR;
				CLANG_WARN_RANGE_LOOP_ANALYSIS = YES;
				CLANG_WARN_STRICT_PROTOTYPES = YES;
				CLANG_WARN_SUSPICIOUS_MOVE = YES;
				CLANG_WARN_UNGUARDED_AVAILABILITY = YES_AGGRESSIVE;
				CLANG_WARN_UNREACHABLE_CODE = YES;
				CLANG_WARN__DUPLICATE_METHOD_MATCH = YES;
				COPY_PHASE_STRIP = NO;
				DEBUG_INFORMATION_FORMAT = dwarf;
				ENABLE_STRICT_OBJC_MSGSEND = YES;
				ENABLE_TESTABILITY = YES;
				GCC_C_LANGUAGE_STANDARD = gnu11;
				GCC_DYNAMIC_NO_PIC = NO;
				GCC_NO_COMMON_BLOCKS = YES;
				GCC_OPTIMIZATION_LEVEL = 0;
				GCC_PREPROCESSOR_DEFINITIONS = (
					"DEBUG=1",
					"$(inherited)",
				);
				GCC_WARN_64_TO_32_BIT_CONVERSION = YES;
				GCC_WARN_ABOUT_RETURN_TYPE = YES_ERROR;
				GCC_WARN_UNDECLARED_SELECTOR = YES;
				GCC_WARN_UNINITIALIZED_AUTOS = YES_AGGRESSIVE;
				GCC_WARN_UNUSED_FUNCTION = YES;
				GCC_WARN_UNUSED_VARIABLE = YES;
				IPHONEOS_DEPLOYMENT_TARGET = 13.5;
				MTL_ENABLE_DEBUG_INFO = INCLUDE_SOURCE;
				MTL_FAST_MATH = YES;
				ONLY_ACTIVE_ARCH = YES;
				SDKROOT = iphoneos;
				SWIFT_ACTIVE_COMPILATION_CONDITIONS = DEBUG;
				SWIFT_OPTIMIZATION_LEVEL = "-Onone";
			};
			name = Debug;
		};
		4B467BD824B72F0900518423 /* Release */ = {
			isa = XCBuildConfiguration;
			buildSettings = {
				ALWAYS_SEARCH_USER_PATHS = NO;
				CLANG_ANALYZER_NONNULL = YES;
				CLANG_ANALYZER_NUMBER_OBJECT_CONVERSION = YES_AGGRESSIVE;
				CLANG_CXX_LANGUAGE_STANDARD = "gnu++14";
				CLANG_CXX_LIBRARY = "libc++";
				CLANG_ENABLE_MODULES = YES;
				CLANG_ENABLE_OBJC_ARC = YES;
				CLANG_ENABLE_OBJC_WEAK = YES;
				CLANG_WARN_BLOCK_CAPTURE_AUTORELEASING = YES;
				CLANG_WARN_BOOL_CONVERSION = YES;
				CLANG_WARN_COMMA = YES;
				CLANG_WARN_CONSTANT_CONVERSION = YES;
				CLANG_WARN_DEPRECATED_OBJC_IMPLEMENTATIONS = YES;
				CLANG_WARN_DIRECT_OBJC_ISA_USAGE = YES_ERROR;
				CLANG_WARN_DOCUMENTATION_COMMENTS = YES;
				CLANG_WARN_EMPTY_BODY = YES;
				CLANG_WARN_ENUM_CONVERSION = YES;
				CLANG_WARN_INFINITE_RECURSION = YES;
				CLANG_WARN_INT_CONVERSION = YES;
				CLANG_WARN_NON_LITERAL_NULL_CONVERSION = YES;
				CLANG_WARN_OBJC_IMPLICIT_RETAIN_SELF = YES;
				CLANG_WARN_OBJC_LITERAL_CONVERSION = YES;
				CLANG_WARN_OBJC_ROOT_CLASS = YES_ERROR;
				CLANG_WARN_RANGE_LOOP_ANALYSIS = YES;
				CLANG_WARN_STRICT_PROTOTYPES = YES;
				CLANG_WARN_SUSPICIOUS_MOVE = YES;
				CLANG_WARN_UNGUARDED_AVAILABILITY = YES_AGGRESSIVE;
				CLANG_WARN_UNREACHABLE_CODE = YES;
				CLANG_WARN__DUPLICATE_METHOD_MATCH = YES;
				COPY_PHASE_STRIP = NO;
				DEBUG_INFORMATION_FORMAT = "dwarf-with-dsym";
				ENABLE_NS_ASSERTIONS = NO;
				ENABLE_STRICT_OBJC_MSGSEND = YES;
				GCC_C_LANGUAGE_STANDARD = gnu11;
				GCC_NO_COMMON_BLOCKS = YES;
				GCC_WARN_64_TO_32_BIT_CONVERSION = YES;
				GCC_WARN_ABOUT_RETURN_TYPE = YES_ERROR;
				GCC_WARN_UNDECLARED_SELECTOR = YES;
				GCC_WARN_UNINITIALIZED_AUTOS = YES_AGGRESSIVE;
				GCC_WARN_UNUSED_FUNCTION = YES;
				GCC_WARN_UNUSED_VARIABLE = YES;
				IPHONEOS_DEPLOYMENT_TARGET = 13.5;
				MTL_ENABLE_DEBUG_INFO = NO;
				MTL_FAST_MATH = YES;
				SDKROOT = iphoneos;
				SWIFT_COMPILATION_MODE = wholemodule;
				SWIFT_OPTIMIZATION_LEVEL = "-O";
				VALIDATE_PRODUCT = YES;
			};
			name = Release;
		};
		4B467BDA24B72F0900518423 /* Debug */ = {
			isa = XCBuildConfiguration;
			buildSettings = {
				ASSETCATALOG_COMPILER_APPICON_NAME = AppIcon;
				CODE_SIGN_STYLE = Automatic;
				DEVELOPMENT_TEAM = P84M495823;
				INFOPLIST_FILE = "$(SRCROOT)/Pitchperfect/Info.plist";
				LD_RUNPATH_SEARCH_PATHS = (
					"$(inherited)",
					"@executable_path/Frameworks",
				);
				PRODUCT_BUNDLE_IDENTIFIER = com.levit8.Pitchperfect;
				PRODUCT_NAME = "$(TARGET_NAME)";
				SWIFT_VERSION = 5.0;
				TARGETED_DEVICE_FAMILY = "1,2";
			};
			name = Debug;
		};
		4B467BDB24B72F0900518423 /* Release */ = {
			isa = XCBuildConfiguration;
			buildSettings = {
				ASSETCATALOG_COMPILER_APPICON_NAME = AppIcon;
				CODE_SIGN_STYLE = Automatic;
				DEVELOPMENT_TEAM = P84M495823;
				INFOPLIST_FILE = "$(SRCROOT)/Pitchperfect/Info.plist";
				LD_RUNPATH_SEARCH_PATHS = (
					"$(inherited)",
					"@executable_path/Frameworks",
				);
				PRODUCT_BUNDLE_IDENTIFIER = com.levit8.Pitchperfect;
				PRODUCT_NAME = "$(TARGET_NAME)";
				SWIFT_VERSION = 5.0;
				TARGETED_DEVICE_FAMILY = "1,2";
			};
			name = Release;
		};
/* End XCBuildConfiguration section */

/* Begin XCConfigurationList section */
		4B467BC024B72F0500518423 /* Build configuration list for PBXProject "Pitchperfect" */ = {
			isa = XCConfigurationList;
			buildConfigurations = (
				4B467BD724B72F0900518423 /* Debug */,
				4B467BD824B72F0900518423 /* Release */,
			);
			defaultConfigurationIsVisible = 0;
			defaultConfigurationName = Release;
		};
		4B467BD924B72F0900518423 /* Build configuration list for PBXNativeTarget "Pitchperfect" */ = {
			isa = XCConfigurationList;
			buildConfigurations = (
				4B467BDA24B72F0900518423 /* Debug */,
				4B467BDB24B72F0900518423 /* Release */,
			);
			defaultConfigurationIsVisible = 0;
			defaultConfigurationName = Release;
		};
/* End XCConfigurationList section */
	};
	rootObject = 4B467BBD24B72F0500518423 /* Project object */;
}
